
Microsoft Visual Studio Solution File, Format Version 12.00
# Visual Studio Version 16
VisualStudioVersion = 16.0.29409.12
MinimumVisualStudioVersion = 10.0.40219.1
Project("{FAE04EC0-301F-11D3-BF4B-00C04F79EFBC}") = "Frames", "Frames\Frames.csproj", "{C8E8EFBF-100A-48BF-8B6B-8EB87064D893}"
EndProject
Project("{FAE04EC0-301F-11D3-BF4B-00C04F79EFBC}") = "TestApp", "TestApp\TestApp.csproj", "{3B7DEFD7-2FCA-49FD-B5FF-DB0BD330BECF}"
EndProject
Global
	GlobalSection(SolutionConfigurationPlatforms) = preSolution
		Debug|Any CPU = Debug|Any CPU
		Debug|x86 = Debug|x86
		Release|Any CPU = Release|Any CPU
		Release|x86 = Release|x86
	EndGlobalSection
	GlobalSection(ProjectConfigurationPlatforms) = postSolution
		{C8E8EFBF-100A-48BF-8B6B-8EB87064D893}.Debug|Any CPU.ActiveCfg = Debug|Any CPU
		{C8E8EFBF-100A-48BF-8B6B-8EB87064D893}.Debug|Any CPU.Build.0 = Debug|Any CPU
		{C8E8EFBF-100A-48BF-8B6B-8EB87064D893}.Debug|x86.ActiveCfg = Debug|Any CPU
		{C8E8EFBF-100A-48BF-8B6B-8EB87064D893}.Debug|x86.Build.0 = Debug|Any CPU
		{C8E8EFBF-100A-48BF-8B6B-8EB87064D893}.Release|Any CPU.ActiveCfg = Release|Any CPU
		{C8E8EFBF-100A-48BF-8B6B-8EB87064D893}.Release|Any CPU.Build.0 = Release|Any CPU
		{C8E8EFBF-100A-48BF-8B6B-8EB87064D893}.Release|x86.ActiveCfg = Release|Any CPU
		{C8E8EFBF-100A-48BF-8B6B-8EB87064D893}.Release|x86.Build.0 = Release|Any CPU
		{3B7DEFD7-2FCA-49FD-B5FF-DB0BD330BECF}.Debug|Any CPU.ActiveCfg = Debug|x86
		{3B7DEFD7-2FCA-49FD-B5FF-DB0BD330BECF}.Debug|Any CPU.Build.0 = Debug|x86
		{3B7DEFD7-2FCA-49FD-B5FF-DB0BD330BECF}.Debug|x86.ActiveCfg = Debug|x86
		{3B7DEFD7-2FCA-49FD-B5FF-DB0BD330BECF}.Debug|x86.Build.0 = Debug|x86
		{3B7DEFD7-2FCA-49FD-B5FF-DB0BD330BECF}.Release|Any CPU.ActiveCfg = Release|x86
		{3B7DEFD7-2FCA-49FD-B5FF-DB0BD330BECF}.Release|x86.ActiveCfg = Release|x86
		{3B7DEFD7-2FCA-49FD-B5FF-DB0BD330BECF}.Release|x86.Build.0 = Release|x86
	EndGlobalSection
	GlobalSection(SolutionProperties) = preSolution
		HideSolutionNode = FALSE
	EndGlobalSection
	GlobalSection(ExtensibilityGlobals) = postSolution
		SolutionGuid = {12F20035-F0FA-4030-8EA4-C07A3BD3C72C}
	EndGlobalSection
EndGlobal
